
Microsoft Visual Studio Solution File, Format Version 12.00
# Visual Studio Version 17
VisualStudioVersion = 17.0.31919.166
MinimumVisualStudioVersion = 10.0.40219.1
Project("{FAE04EC0-301F-11D3-BF4B-00C04F79EFBC}") = "b", "b\b.csproj", "{94C50728-0243-4669-A15B-85A7329FC6CD}"
EndProject
Global
	GlobalSection(SolutionConfigurationPlatforms) = preSolution
		Debug|Any CPU = Debug|Any CPU
		Release|Any CPU = Release|Any CPU
	EndGlobalSection
	GlobalSection(ProjectConfigurationPlatforms) = postSolution
		{94C50728-0243-4669-A15B-85A7329FC6CD}.Debug|Any CPU.ActiveCfg = Debug|Any CPU
		{94C50728-0243-4669-A15B-85A7329FC6CD}.Debug|Any CPU.Build.0 = Debug|Any CPU
		{94C50728-0243-4669-A15B-85A7329FC6CD}.Release|Any CPU.ActiveCfg = Release|Any CPU
		{94C50728-0243-4669-A15B-85A7329FC6CD}.Release|Any CPU.Build.0 = Release|Any CPU
	EndGlobalSection
	GlobalSection(SolutionProperties) = preSolution
		HideSolutionNode = FALSE
	EndGlobalSection
	GlobalSection(ExtensibilityGlobals) = postSolution
		SolutionGuid = {0565E252-F79F-4646-9409-FF98093B4FA6}
	EndGlobalSection
EndGlobal
