
Microsoft Visual Studio Solution File, Format Version 12.00
# Visual Studio Version 17
VisualStudioVersion = 17.0.32112.339
MinimumVisualStudioVersion = 10.0.40219.1
Project("{FAE04EC0-301F-11D3-BF4B-00C04F79EFBC}") = "BinayTreeLib", "BinayTreeLib\BinayTreeLib.csproj", "{B9310AC5-BF32-46F4-A382-25446E5FE12C}"
EndProject
Project("{FAE04EC0-301F-11D3-BF4B-00C04F79EFBC}") = "TraversalBinaryTree", "TraversalBinaryTree\TraversalBinaryTree.csproj", "{12CBE962-86EC-47C7-B6E5-29ABF3889C22}"
EndProject
Project("{FAE04EC0-301F-11D3-BF4B-00C04F79EFBC}") = "BSTreeTest", "BSTreeTest\BSTreeTest.csproj", "{5AE36D56-80A5-4083-8091-BBDF23D7EE57}"
EndProject
Global
	GlobalSection(SolutionConfigurationPlatforms) = preSolution
		Debug|Any CPU = Debug|Any CPU
		Release|Any CPU = Release|Any CPU
	EndGlobalSection
	GlobalSection(ProjectConfigurationPlatforms) = postSolution
		{B9310AC5-BF32-46F4-A382-25446E5FE12C}.Debug|Any CPU.ActiveCfg = Debug|Any CPU
		{B9310AC5-BF32-46F4-A382-25446E5FE12C}.Debug|Any CPU.Build.0 = Debug|Any CPU
		{B9310AC5-BF32-46F4-A382-25446E5FE12C}.Release|Any CPU.ActiveCfg = Release|Any CPU
		{B9310AC5-BF32-46F4-A382-25446E5FE12C}.Release|Any CPU.Build.0 = Release|Any CPU
		{12CBE962-86EC-47C7-B6E5-29ABF3889C22}.Debug|Any CPU.ActiveCfg = Debug|Any CPU
		{12CBE962-86EC-47C7-B6E5-29ABF3889C22}.Debug|Any CPU.Build.0 = Debug|Any CPU
		{12CBE962-86EC-47C7-B6E5-29ABF3889C22}.Release|Any CPU.ActiveCfg = Release|Any CPU
		{12CBE962-86EC-47C7-B6E5-29ABF3889C22}.Release|Any CPU.Build.0 = Release|Any CPU
		{5AE36D56-80A5-4083-8091-BBDF23D7EE57}.Debug|Any CPU.ActiveCfg = Debug|Any CPU
		{5AE36D56-80A5-4083-8091-BBDF23D7EE57}.Debug|Any CPU.Build.0 = Debug|Any CPU
		{5AE36D56-80A5-4083-8091-BBDF23D7EE57}.Release|Any CPU.ActiveCfg = Release|Any CPU
		{5AE36D56-80A5-4083-8091-BBDF23D7EE57}.Release|Any CPU.Build.0 = Release|Any CPU
	EndGlobalSection
	GlobalSection(SolutionProperties) = preSolution
		HideSolutionNode = FALSE
	EndGlobalSection
	GlobalSection(ExtensibilityGlobals) = postSolution
		SolutionGuid = {163E30D8-D68E-48CD-A16A-11DE38F35134}
	EndGlobalSection
EndGlobal
