
Microsoft Visual Studio Solution File, Format Version 12.00
# Visual Studio Version 17
VisualStudioVersion = 17.0.31919.166
MinimumVisualStudioVersion = 10.0.40219.1
Project("{FAE04EC0-301F-11D3-BF4B-00C04F79EFBC}") = "GenRectangle", "GenRectangle\GenRectangle.csproj", "{B52A3D74-21A4-4F26-A297-B80514DC8858}"
EndProject
Global
	GlobalSection(SolutionConfigurationPlatforms) = preSolution
		Debug|Any CPU = Debug|Any CPU
		Release|Any CPU = Release|Any CPU
	EndGlobalSection
	GlobalSection(ProjectConfigurationPlatforms) = postSolution
		{B52A3D74-21A4-4F26-A297-B80514DC8858}.Debug|Any CPU.ActiveCfg = Debug|Any CPU
		{B52A3D74-21A4-4F26-A297-B80514DC8858}.Debug|Any CPU.Build.0 = Debug|Any CPU
		{B52A3D74-21A4-4F26-A297-B80514DC8858}.Release|Any CPU.ActiveCfg = Release|Any CPU
		{B52A3D74-21A4-4F26-A297-B80514DC8858}.Release|Any CPU.Build.0 = Release|Any CPU
	EndGlobalSection
	GlobalSection(SolutionProperties) = preSolution
		HideSolutionNode = FALSE
	EndGlobalSection
	GlobalSection(ExtensibilityGlobals) = postSolution
		SolutionGuid = {AC27A5C8-B512-4085-BEEC-0E5CB12D4245}
	EndGlobalSection
EndGlobal
