
Microsoft Visual Studio Solution File, Format Version 12.00
# Visual Studio Version 17
VisualStudioVersion = 17.0.32014.148
MinimumVisualStudioVersion = 10.0.40219.1
Project("{FAE04EC0-301F-11D3-BF4B-00C04F79EFBC}") = "FunctionTest", "FunctionTest\FunctionTest.csproj", "{00D0BB3E-8942-4684-A96C-90D26EF774BD}"
EndProject
Global
	GlobalSection(SolutionConfigurationPlatforms) = preSolution
		Debug|Any CPU = Debug|Any CPU
		Release|Any CPU = Release|Any CPU
	EndGlobalSection
	GlobalSection(ProjectConfigurationPlatforms) = postSolution
		{00D0BB3E-8942-4684-A96C-90D26EF774BD}.Debug|Any CPU.ActiveCfg = Debug|Any CPU
		{00D0BB3E-8942-4684-A96C-90D26EF774BD}.Debug|Any CPU.Build.0 = Debug|Any CPU
		{00D0BB3E-8942-4684-A96C-90D26EF774BD}.Release|Any CPU.ActiveCfg = Release|Any CPU
		{00D0BB3E-8942-4684-A96C-90D26EF774BD}.Release|Any CPU.Build.0 = Release|Any CPU
	EndGlobalSection
	GlobalSection(SolutionProperties) = preSolution
		HideSolutionNode = FALSE
	EndGlobalSection
	GlobalSection(ExtensibilityGlobals) = postSolution
		SolutionGuid = {C2BE688D-CF3C-4AB5-BACE-AD264D1020EA}
	EndGlobalSection
EndGlobal
