
Microsoft Visual Studio Solution File, Format Version 12.00
# Visual Studio Version 17
VisualStudioVersion = 17.0.31919.166
MinimumVisualStudioVersion = 10.0.40219.1
Project("{FAE04EC0-301F-11D3-BF4B-00C04F79EFBC}") = "e", "e\e.csproj", "{271FD0B5-C9DE-4742-83D2-25EB44E55545}"
EndProject
Global
	GlobalSection(SolutionConfigurationPlatforms) = preSolution
		Debug|Any CPU = Debug|Any CPU
		Release|Any CPU = Release|Any CPU
	EndGlobalSection
	GlobalSection(ProjectConfigurationPlatforms) = postSolution
		{271FD0B5-C9DE-4742-83D2-25EB44E55545}.Debug|Any CPU.ActiveCfg = Debug|Any CPU
		{271FD0B5-C9DE-4742-83D2-25EB44E55545}.Debug|Any CPU.Build.0 = Debug|Any CPU
		{271FD0B5-C9DE-4742-83D2-25EB44E55545}.Release|Any CPU.ActiveCfg = Release|Any CPU
		{271FD0B5-C9DE-4742-83D2-25EB44E55545}.Release|Any CPU.Build.0 = Release|Any CPU
	EndGlobalSection
	GlobalSection(SolutionProperties) = preSolution
		HideSolutionNode = FALSE
	EndGlobalSection
	GlobalSection(ExtensibilityGlobals) = postSolution
		SolutionGuid = {427F3BF8-23C0-45BC-801B-A2135FE643A3}
	EndGlobalSection
EndGlobal
