
Microsoft Visual Studio Solution File, Format Version 12.00
# Visual Studio Version 17
VisualStudioVersion = 17.1.32228.430
MinimumVisualStudioVersion = 10.0.40219.1
Project("{FAE04EC0-301F-11D3-BF4B-00C04F79EFBC}") = "BinaryTreeLib", "BinaryTreeLib\BinaryTreeLib.csproj", "{A49429AE-2437-4FB3-A808-C4D0B89FDAB0}"
EndProject
Project("{FAE04EC0-301F-11D3-BF4B-00C04F79EFBC}") = "TraversalBinaryTree", "TraversalBinaryTree\TraversalBinaryTree.csproj", "{7395D8B5-F1F5-4EB6-AB68-B756ABBCA220}"
EndProject
Project("{FAE04EC0-301F-11D3-BF4B-00C04F79EFBC}") = "BSTreeTest", "BSTreeTest\BSTreeTest.csproj", "{5455E22C-C2E1-4D0A-87FE-61F09060A7B1}"
EndProject
Global
	GlobalSection(SolutionConfigurationPlatforms) = preSolution
		Debug|Any CPU = Debug|Any CPU
		Release|Any CPU = Release|Any CPU
	EndGlobalSection
	GlobalSection(ProjectConfigurationPlatforms) = postSolution
		{A49429AE-2437-4FB3-A808-C4D0B89FDAB0}.Debug|Any CPU.ActiveCfg = Debug|Any CPU
		{A49429AE-2437-4FB3-A808-C4D0B89FDAB0}.Debug|Any CPU.Build.0 = Debug|Any CPU
		{A49429AE-2437-4FB3-A808-C4D0B89FDAB0}.Release|Any CPU.ActiveCfg = Release|Any CPU
		{A49429AE-2437-4FB3-A808-C4D0B89FDAB0}.Release|Any CPU.Build.0 = Release|Any CPU
		{7395D8B5-F1F5-4EB6-AB68-B756ABBCA220}.Debug|Any CPU.ActiveCfg = Debug|Any CPU
		{7395D8B5-F1F5-4EB6-AB68-B756ABBCA220}.Debug|Any CPU.Build.0 = Debug|Any CPU
		{7395D8B5-F1F5-4EB6-AB68-B756ABBCA220}.Release|Any CPU.ActiveCfg = Release|Any CPU
		{7395D8B5-F1F5-4EB6-AB68-B756ABBCA220}.Release|Any CPU.Build.0 = Release|Any CPU
		{5455E22C-C2E1-4D0A-87FE-61F09060A7B1}.Debug|Any CPU.ActiveCfg = Debug|Any CPU
		{5455E22C-C2E1-4D0A-87FE-61F09060A7B1}.Debug|Any CPU.Build.0 = Debug|Any CPU
		{5455E22C-C2E1-4D0A-87FE-61F09060A7B1}.Release|Any CPU.ActiveCfg = Release|Any CPU
		{5455E22C-C2E1-4D0A-87FE-61F09060A7B1}.Release|Any CPU.Build.0 = Release|Any CPU
	EndGlobalSection
	GlobalSection(SolutionProperties) = preSolution
		HideSolutionNode = FALSE
	EndGlobalSection
	GlobalSection(ExtensibilityGlobals) = postSolution
		SolutionGuid = {5534AB1B-C4D0-4977-8B1A-08D15BA3919D}
	EndGlobalSection
EndGlobal
