
Microsoft Visual Studio Solution File, Format Version 12.00
# Visual Studio Version 17
VisualStudioVersion = 17.0.31919.166
MinimumVisualStudioVersion = 10.0.40219.1
Project("{FAE04EC0-301F-11D3-BF4B-00C04F79EFBC}") = "Compare", "Compare\Compare.csproj", "{708AED84-0454-4A58-9841-2F1E23DCCB89}"
EndProject
Global
	GlobalSection(SolutionConfigurationPlatforms) = preSolution
		Debug|Any CPU = Debug|Any CPU
		Release|Any CPU = Release|Any CPU
	EndGlobalSection
	GlobalSection(ProjectConfigurationPlatforms) = postSolution
		{708AED84-0454-4A58-9841-2F1E23DCCB89}.Debug|Any CPU.ActiveCfg = Debug|Any CPU
		{708AED84-0454-4A58-9841-2F1E23DCCB89}.Debug|Any CPU.Build.0 = Debug|Any CPU
		{708AED84-0454-4A58-9841-2F1E23DCCB89}.Release|Any CPU.ActiveCfg = Release|Any CPU
		{708AED84-0454-4A58-9841-2F1E23DCCB89}.Release|Any CPU.Build.0 = Release|Any CPU
	EndGlobalSection
	GlobalSection(SolutionProperties) = preSolution
		HideSolutionNode = FALSE
	EndGlobalSection
	GlobalSection(ExtensibilityGlobals) = postSolution
		SolutionGuid = {65B1E44F-695D-414F-B128-C1671A4E1521}
	EndGlobalSection
EndGlobal
